
Microsoft Visual Studio Solution File, Format Version 12.00
# Visual Studio Version 16
VisualStudioVersion = 16.0.33927.289
MinimumVisualStudioVersion = 10.0.40219.1
Project("{8BC9CEB8-8B4A-11D0-8D11-00A0C91BC942}") = "1111134016", "1111134016\1111134016.vcxproj", "{89891D1D-AF2C-48F6-BA34-64ECE937462F}"
EndProject
Global
	GlobalSection(SolutionConfigurationPlatforms) = preSolution
		Debug|x64 = Debug|x64
		Debug|x86 = Debug|x86
		Release|x64 = Release|x64
		Release|x86 = Release|x86
	EndGlobalSection
	GlobalSection(ProjectConfigurationPlatforms) = postSolution
		{89891D1D-AF2C-48F6-BA34-64ECE937462F}.Debug|x64.ActiveCfg = Debug|x64
		{89891D1D-AF2C-48F6-BA34-64ECE937462F}.Debug|x64.Build.0 = Debug|x64
		{89891D1D-AF2C-48F6-BA34-64ECE937462F}.Debug|x86.ActiveCfg = Debug|Win32
		{89891D1D-AF2C-48F6-BA34-64ECE937462F}.Debug|x86.Build.0 = Debug|Win32
		{89891D1D-AF2C-48F6-BA34-64ECE937462F}.Release|x64.ActiveCfg = Release|x64
		{89891D1D-AF2C-48F6-BA34-64ECE937462F}.Release|x64.Build.0 = Release|x64
		{89891D1D-AF2C-48F6-BA34-64ECE937462F}.Release|x86.ActiveCfg = Release|Win32
		{89891D1D-AF2C-48F6-BA34-64ECE937462F}.Release|x86.Build.0 = Release|Win32
	EndGlobalSection
	GlobalSection(SolutionProperties) = preSolution
		HideSolutionNode = FALSE
	EndGlobalSection
	GlobalSection(ExtensibilityGlobals) = postSolution
		SolutionGuid = {9E5AD089-6940-4A12-93F3-C54F5F447A95}
	EndGlobalSection
EndGlobal
