
Microsoft Visual Studio Solution File, Format Version 12.00
# Visual Studio Version 16
VisualStudioVersion = 16.0.33927.289
MinimumVisualStudioVersion = 10.0.40219.1
Project("{8BC9CEB8-8B4A-11D0-8D11-00A0C91BC942}") = "ConsoleApplication4", "ConsoleApplication4\ConsoleApplication4.vcxproj", "{06C836E0-B7B9-414D-B70F-FB6D5668D5DF}"
EndProject
Global
	GlobalSection(SolutionConfigurationPlatforms) = preSolution
		Debug|x64 = Debug|x64
		Debug|x86 = Debug|x86
		Release|x64 = Release|x64
		Release|x86 = Release|x86
	EndGlobalSection
	GlobalSection(ProjectConfigurationPlatforms) = postSolution
		{06C836E0-B7B9-414D-B70F-FB6D5668D5DF}.Debug|x64.ActiveCfg = Debug|x64
		{06C836E0-B7B9-414D-B70F-FB6D5668D5DF}.Debug|x64.Build.0 = Debug|x64
		{06C836E0-B7B9-414D-B70F-FB6D5668D5DF}.Debug|x86.ActiveCfg = Debug|Win32
		{06C836E0-B7B9-414D-B70F-FB6D5668D5DF}.Debug|x86.Build.0 = Debug|Win32
		{06C836E0-B7B9-414D-B70F-FB6D5668D5DF}.Release|x64.ActiveCfg = Release|x64
		{06C836E0-B7B9-414D-B70F-FB6D5668D5DF}.Release|x64.Build.0 = Release|x64
		{06C836E0-B7B9-414D-B70F-FB6D5668D5DF}.Release|x86.ActiveCfg = Release|Win32
		{06C836E0-B7B9-414D-B70F-FB6D5668D5DF}.Release|x86.Build.0 = Release|Win32
	EndGlobalSection
	GlobalSection(SolutionProperties) = preSolution
		HideSolutionNode = FALSE
	EndGlobalSection
	GlobalSection(ExtensibilityGlobals) = postSolution
		SolutionGuid = {0CCD269C-66AF-49B5-BEAC-C0CD7CA2274C}
	EndGlobalSection
EndGlobal
