
Microsoft Visual Studio Solution File, Format Version 12.00
# Visual Studio Version 16
VisualStudioVersion = 16.0.33927.289
MinimumVisualStudioVersion = 10.0.40219.1
Project("{8BC9CEB8-8B4A-11D0-8D11-00A0C91BC942}") = "成績迴圈", "成績迴圈\成績迴圈.vcxproj", "{7A2300AE-CBE6-4928-BDBE-1E54BD6B0347}"
EndProject
Global
	GlobalSection(SolutionConfigurationPlatforms) = preSolution
		Debug|x64 = Debug|x64
		Debug|x86 = Debug|x86
		Release|x64 = Release|x64
		Release|x86 = Release|x86
	EndGlobalSection
	GlobalSection(ProjectConfigurationPlatforms) = postSolution
		{7A2300AE-CBE6-4928-BDBE-1E54BD6B0347}.Debug|x64.ActiveCfg = Debug|x64
		{7A2300AE-CBE6-4928-BDBE-1E54BD6B0347}.Debug|x64.Build.0 = Debug|x64
		{7A2300AE-CBE6-4928-BDBE-1E54BD6B0347}.Debug|x86.ActiveCfg = Debug|Win32
		{7A2300AE-CBE6-4928-BDBE-1E54BD6B0347}.Debug|x86.Build.0 = Debug|Win32
		{7A2300AE-CBE6-4928-BDBE-1E54BD6B0347}.Release|x64.ActiveCfg = Release|x64
		{7A2300AE-CBE6-4928-BDBE-1E54BD6B0347}.Release|x64.Build.0 = Release|x64
		{7A2300AE-CBE6-4928-BDBE-1E54BD6B0347}.Release|x86.ActiveCfg = Release|Win32
		{7A2300AE-CBE6-4928-BDBE-1E54BD6B0347}.Release|x86.Build.0 = Release|Win32
	EndGlobalSection
	GlobalSection(SolutionProperties) = preSolution
		HideSolutionNode = FALSE
	EndGlobalSection
	GlobalSection(ExtensibilityGlobals) = postSolution
		SolutionGuid = {3CEE775C-6EF2-440A-A43F-6D4C2580673C}
	EndGlobalSection
EndGlobal
