
Microsoft Visual Studio Solution File, Format Version 12.00
# Visual Studio Version 16
VisualStudioVersion = 16.0.33927.289
MinimumVisualStudioVersion = 10.0.40219.1
Project("{8BC9CEB8-8B4A-11D0-8D11-00A0C91BC942}") = "w17 35", "w17 35\w17 35.vcxproj", "{4D322B25-C5F2-45A4-9082-B6BB20FAF6D9}"
EndProject
Global
	GlobalSection(SolutionConfigurationPlatforms) = preSolution
		Debug|x64 = Debug|x64
		Debug|x86 = Debug|x86
		Release|x64 = Release|x64
		Release|x86 = Release|x86
	EndGlobalSection
	GlobalSection(ProjectConfigurationPlatforms) = postSolution
		{4D322B25-C5F2-45A4-9082-B6BB20FAF6D9}.Debug|x64.ActiveCfg = Debug|x64
		{4D322B25-C5F2-45A4-9082-B6BB20FAF6D9}.Debug|x64.Build.0 = Debug|x64
		{4D322B25-C5F2-45A4-9082-B6BB20FAF6D9}.Debug|x86.ActiveCfg = Debug|Win32
		{4D322B25-C5F2-45A4-9082-B6BB20FAF6D9}.Debug|x86.Build.0 = Debug|Win32
		{4D322B25-C5F2-45A4-9082-B6BB20FAF6D9}.Release|x64.ActiveCfg = Release|x64
		{4D322B25-C5F2-45A4-9082-B6BB20FAF6D9}.Release|x64.Build.0 = Release|x64
		{4D322B25-C5F2-45A4-9082-B6BB20FAF6D9}.Release|x86.ActiveCfg = Release|Win32
		{4D322B25-C5F2-45A4-9082-B6BB20FAF6D9}.Release|x86.Build.0 = Release|Win32
	EndGlobalSection
	GlobalSection(SolutionProperties) = preSolution
		HideSolutionNode = FALSE
	EndGlobalSection
	GlobalSection(ExtensibilityGlobals) = postSolution
		SolutionGuid = {D844D13E-7668-4D5A-9B15-C2233DE0E241}
	EndGlobalSection
EndGlobal
