
Microsoft Visual Studio Solution File, Format Version 12.00
# Visual Studio Version 16
VisualStudioVersion = 16.0.33927.289
MinimumVisualStudioVersion = 10.0.40219.1
Project("{8BC9CEB8-8B4A-11D0-8D11-00A0C91BC942}") = "1213", "1213\1213.vcxproj", "{BB1EE7FA-9990-4F52-9212-4E1590476DFE}"
EndProject
Global
	GlobalSection(SolutionConfigurationPlatforms) = preSolution
		Debug|x64 = Debug|x64
		Debug|x86 = Debug|x86
		Release|x64 = Release|x64
		Release|x86 = Release|x86
	EndGlobalSection
	GlobalSection(ProjectConfigurationPlatforms) = postSolution
		{BB1EE7FA-9990-4F52-9212-4E1590476DFE}.Debug|x64.ActiveCfg = Debug|x64
		{BB1EE7FA-9990-4F52-9212-4E1590476DFE}.Debug|x64.Build.0 = Debug|x64
		{BB1EE7FA-9990-4F52-9212-4E1590476DFE}.Debug|x86.ActiveCfg = Debug|Win32
		{BB1EE7FA-9990-4F52-9212-4E1590476DFE}.Debug|x86.Build.0 = Debug|Win32
		{BB1EE7FA-9990-4F52-9212-4E1590476DFE}.Release|x64.ActiveCfg = Release|x64
		{BB1EE7FA-9990-4F52-9212-4E1590476DFE}.Release|x64.Build.0 = Release|x64
		{BB1EE7FA-9990-4F52-9212-4E1590476DFE}.Release|x86.ActiveCfg = Release|Win32
		{BB1EE7FA-9990-4F52-9212-4E1590476DFE}.Release|x86.Build.0 = Release|Win32
	EndGlobalSection
	GlobalSection(SolutionProperties) = preSolution
		HideSolutionNode = FALSE
	EndGlobalSection
	GlobalSection(ExtensibilityGlobals) = postSolution
		SolutionGuid = {AAFD245C-36F5-46A2-8B16-1951F90E2EB5}
	EndGlobalSection
EndGlobal
