
Microsoft Visual Studio Solution File, Format Version 12.00
# Visual Studio Version 16
VisualStudioVersion = 16.0.33927.289
MinimumVisualStudioVersion = 10.0.40219.1
Project("{8BC9CEB8-8B4A-11D0-8D11-00A0C91BC942}") = "1011", "1011\1011.vcxproj", "{ED617A4D-F495-42AD-A9DD-C1A08E0F065C}"
EndProject
Global
	GlobalSection(SolutionConfigurationPlatforms) = preSolution
		Debug|x64 = Debug|x64
		Debug|x86 = Debug|x86
		Release|x64 = Release|x64
		Release|x86 = Release|x86
	EndGlobalSection
	GlobalSection(ProjectConfigurationPlatforms) = postSolution
		{ED617A4D-F495-42AD-A9DD-C1A08E0F065C}.Debug|x64.ActiveCfg = Debug|x64
		{ED617A4D-F495-42AD-A9DD-C1A08E0F065C}.Debug|x64.Build.0 = Debug|x64
		{ED617A4D-F495-42AD-A9DD-C1A08E0F065C}.Debug|x86.ActiveCfg = Debug|Win32
		{ED617A4D-F495-42AD-A9DD-C1A08E0F065C}.Debug|x86.Build.0 = Debug|Win32
		{ED617A4D-F495-42AD-A9DD-C1A08E0F065C}.Release|x64.ActiveCfg = Release|x64
		{ED617A4D-F495-42AD-A9DD-C1A08E0F065C}.Release|x64.Build.0 = Release|x64
		{ED617A4D-F495-42AD-A9DD-C1A08E0F065C}.Release|x86.ActiveCfg = Release|Win32
		{ED617A4D-F495-42AD-A9DD-C1A08E0F065C}.Release|x86.Build.0 = Release|Win32
	EndGlobalSection
	GlobalSection(SolutionProperties) = preSolution
		HideSolutionNode = FALSE
	EndGlobalSection
	GlobalSection(ExtensibilityGlobals) = postSolution
		SolutionGuid = {709BB13A-2E2A-4DE9-9C08-B4469558CEAE}
	EndGlobalSection
EndGlobal
