
Microsoft Visual Studio Solution File, Format Version 12.00
# Visual Studio Version 16
VisualStudioVersion = 16.0.33927.289
MinimumVisualStudioVersion = 10.0.40219.1
Project("{8BC9CEB8-8B4A-11D0-8D11-00A0C91BC942}") = "副程式 找最大值", "1\1.vcxproj", "{F08A00F9-0DCE-484C-8BBB-EB20B6FFB4ED}"
EndProject
Global
	GlobalSection(SolutionConfigurationPlatforms) = preSolution
		Debug|x64 = Debug|x64
		Debug|x86 = Debug|x86
		Release|x64 = Release|x64
		Release|x86 = Release|x86
	EndGlobalSection
	GlobalSection(ProjectConfigurationPlatforms) = postSolution
		{F08A00F9-0DCE-484C-8BBB-EB20B6FFB4ED}.Debug|x64.ActiveCfg = Debug|x64
		{F08A00F9-0DCE-484C-8BBB-EB20B6FFB4ED}.Debug|x64.Build.0 = Debug|x64
		{F08A00F9-0DCE-484C-8BBB-EB20B6FFB4ED}.Debug|x86.ActiveCfg = Debug|Win32
		{F08A00F9-0DCE-484C-8BBB-EB20B6FFB4ED}.Debug|x86.Build.0 = Debug|Win32
		{F08A00F9-0DCE-484C-8BBB-EB20B6FFB4ED}.Release|x64.ActiveCfg = Release|x64
		{F08A00F9-0DCE-484C-8BBB-EB20B6FFB4ED}.Release|x64.Build.0 = Release|x64
		{F08A00F9-0DCE-484C-8BBB-EB20B6FFB4ED}.Release|x86.ActiveCfg = Release|Win32
		{F08A00F9-0DCE-484C-8BBB-EB20B6FFB4ED}.Release|x86.Build.0 = Release|Win32
	EndGlobalSection
	GlobalSection(SolutionProperties) = preSolution
		HideSolutionNode = FALSE
	EndGlobalSection
	GlobalSection(ExtensibilityGlobals) = postSolution
		SolutionGuid = {44C7876F-96A5-4F61-A22C-394494C47431}
	EndGlobalSection
EndGlobal
