
Microsoft Visual Studio Solution File, Format Version 12.00
# Visual Studio Version 16
VisualStudioVersion = 16.0.33927.289
MinimumVisualStudioVersion = 10.0.40219.1
Project("{8BC9CEB8-8B4A-11D0-8D11-00A0C91BC942}") = "ConsoleApplication1", "ConsoleApplication1\ConsoleApplication1.vcxproj", "{FBB1AF94-6463-4B19-9D45-6581AE7B0ACB}"
EndProject
Global
	GlobalSection(SolutionConfigurationPlatforms) = preSolution
		Debug|x64 = Debug|x64
		Debug|x86 = Debug|x86
		Release|x64 = Release|x64
		Release|x86 = Release|x86
	EndGlobalSection
	GlobalSection(ProjectConfigurationPlatforms) = postSolution
		{FBB1AF94-6463-4B19-9D45-6581AE7B0ACB}.Debug|x64.ActiveCfg = Debug|x64
		{FBB1AF94-6463-4B19-9D45-6581AE7B0ACB}.Debug|x64.Build.0 = Debug|x64
		{FBB1AF94-6463-4B19-9D45-6581AE7B0ACB}.Debug|x86.ActiveCfg = Debug|Win32
		{FBB1AF94-6463-4B19-9D45-6581AE7B0ACB}.Debug|x86.Build.0 = Debug|Win32
		{FBB1AF94-6463-4B19-9D45-6581AE7B0ACB}.Release|x64.ActiveCfg = Release|x64
		{FBB1AF94-6463-4B19-9D45-6581AE7B0ACB}.Release|x64.Build.0 = Release|x64
		{FBB1AF94-6463-4B19-9D45-6581AE7B0ACB}.Release|x86.ActiveCfg = Release|Win32
		{FBB1AF94-6463-4B19-9D45-6581AE7B0ACB}.Release|x86.Build.0 = Release|Win32
	EndGlobalSection
	GlobalSection(SolutionProperties) = preSolution
		HideSolutionNode = FALSE
	EndGlobalSection
	GlobalSection(ExtensibilityGlobals) = postSolution
		SolutionGuid = {2055953F-0AB2-47D9-AFA2-F3D59BA8E172}
	EndGlobalSection
EndGlobal
