
Microsoft Visual Studio Solution File, Format Version 12.00
# Visual Studio Version 16
VisualStudioVersion = 16.0.33927.289
MinimumVisualStudioVersion = 10.0.40219.1
Project("{8BC9CEB8-8B4A-11D0-8D11-00A0C91BC942}") = "ConsoleApplication1", "ConsoleApplication1\ConsoleApplication1.vcxproj", "{7C3A2F9F-50FC-4A53-A943-85D341D155B2}"
EndProject
Global
	GlobalSection(SolutionConfigurationPlatforms) = preSolution
		Debug|x64 = Debug|x64
		Debug|x86 = Debug|x86
		Release|x64 = Release|x64
		Release|x86 = Release|x86
	EndGlobalSection
	GlobalSection(ProjectConfigurationPlatforms) = postSolution
		{7C3A2F9F-50FC-4A53-A943-85D341D155B2}.Debug|x64.ActiveCfg = Debug|x64
		{7C3A2F9F-50FC-4A53-A943-85D341D155B2}.Debug|x64.Build.0 = Debug|x64
		{7C3A2F9F-50FC-4A53-A943-85D341D155B2}.Debug|x86.ActiveCfg = Debug|Win32
		{7C3A2F9F-50FC-4A53-A943-85D341D155B2}.Debug|x86.Build.0 = Debug|Win32
		{7C3A2F9F-50FC-4A53-A943-85D341D155B2}.Release|x64.ActiveCfg = Release|x64
		{7C3A2F9F-50FC-4A53-A943-85D341D155B2}.Release|x64.Build.0 = Release|x64
		{7C3A2F9F-50FC-4A53-A943-85D341D155B2}.Release|x86.ActiveCfg = Release|Win32
		{7C3A2F9F-50FC-4A53-A943-85D341D155B2}.Release|x86.Build.0 = Release|Win32
	EndGlobalSection
	GlobalSection(SolutionProperties) = preSolution
		HideSolutionNode = FALSE
	EndGlobalSection
	GlobalSection(ExtensibilityGlobals) = postSolution
		SolutionGuid = {2DE9C112-C064-4A4A-B8C1-ECF3071F6B80}
	EndGlobalSection
EndGlobal
