
Microsoft Visual Studio Solution File, Format Version 12.00
# Visual Studio Version 16
VisualStudioVersion = 16.0.33927.289
MinimumVisualStudioVersion = 10.0.40219.1
Project("{8BC9CEB8-8B4A-11D0-8D11-00A0C91BC942}") = "1111134011", "1111134011\1111134011.vcxproj", "{22769F85-D615-44F2-92F0-674C17BC306B}"
EndProject
Global
	GlobalSection(SolutionConfigurationPlatforms) = preSolution
		Debug|x64 = Debug|x64
		Debug|x86 = Debug|x86
		Release|x64 = Release|x64
		Release|x86 = Release|x86
	EndGlobalSection
	GlobalSection(ProjectConfigurationPlatforms) = postSolution
		{22769F85-D615-44F2-92F0-674C17BC306B}.Debug|x64.ActiveCfg = Debug|x64
		{22769F85-D615-44F2-92F0-674C17BC306B}.Debug|x64.Build.0 = Debug|x64
		{22769F85-D615-44F2-92F0-674C17BC306B}.Debug|x86.ActiveCfg = Debug|Win32
		{22769F85-D615-44F2-92F0-674C17BC306B}.Debug|x86.Build.0 = Debug|Win32
		{22769F85-D615-44F2-92F0-674C17BC306B}.Release|x64.ActiveCfg = Release|x64
		{22769F85-D615-44F2-92F0-674C17BC306B}.Release|x64.Build.0 = Release|x64
		{22769F85-D615-44F2-92F0-674C17BC306B}.Release|x86.ActiveCfg = Release|Win32
		{22769F85-D615-44F2-92F0-674C17BC306B}.Release|x86.Build.0 = Release|Win32
	EndGlobalSection
	GlobalSection(SolutionProperties) = preSolution
		HideSolutionNode = FALSE
	EndGlobalSection
	GlobalSection(ExtensibilityGlobals) = postSolution
		SolutionGuid = {66EE1E7F-826A-4950-96C7-1052E1020A49}
	EndGlobalSection
EndGlobal
