
Microsoft Visual Studio Solution File, Format Version 12.00
# Visual Studio Version 16
VisualStudioVersion = 16.0.33927.289
MinimumVisualStudioVersion = 10.0.40219.1
Project("{8BC9CEB8-8B4A-11D0-8D11-00A0C91BC942}") = "ConsoleApplication5", "ConsoleApplication5\ConsoleApplication5.vcxproj", "{DCC0EDFE-4BA2-4C10-8334-4A0D252023DD}"
EndProject
Global
	GlobalSection(SolutionConfigurationPlatforms) = preSolution
		Debug|x64 = Debug|x64
		Debug|x86 = Debug|x86
		Release|x64 = Release|x64
		Release|x86 = Release|x86
	EndGlobalSection
	GlobalSection(ProjectConfigurationPlatforms) = postSolution
		{DCC0EDFE-4BA2-4C10-8334-4A0D252023DD}.Debug|x64.ActiveCfg = Debug|x64
		{DCC0EDFE-4BA2-4C10-8334-4A0D252023DD}.Debug|x64.Build.0 = Debug|x64
		{DCC0EDFE-4BA2-4C10-8334-4A0D252023DD}.Debug|x86.ActiveCfg = Debug|Win32
		{DCC0EDFE-4BA2-4C10-8334-4A0D252023DD}.Debug|x86.Build.0 = Debug|Win32
		{DCC0EDFE-4BA2-4C10-8334-4A0D252023DD}.Release|x64.ActiveCfg = Release|x64
		{DCC0EDFE-4BA2-4C10-8334-4A0D252023DD}.Release|x64.Build.0 = Release|x64
		{DCC0EDFE-4BA2-4C10-8334-4A0D252023DD}.Release|x86.ActiveCfg = Release|Win32
		{DCC0EDFE-4BA2-4C10-8334-4A0D252023DD}.Release|x86.Build.0 = Release|Win32
	EndGlobalSection
	GlobalSection(SolutionProperties) = preSolution
		HideSolutionNode = FALSE
	EndGlobalSection
	GlobalSection(ExtensibilityGlobals) = postSolution
		SolutionGuid = {40A75F30-03C6-4558-9782-A3FBA28A895D}
	EndGlobalSection
EndGlobal
