
Microsoft Visual Studio Solution File, Format Version 12.00
# Visual Studio Version 16
VisualStudioVersion = 16.0.33927.289
MinimumVisualStudioVersion = 10.0.40219.1
Project("{8BC9CEB8-8B4A-11D0-8D11-00A0C91BC942}") = "1122", "1122\1122.vcxproj", "{A802E578-BFB7-4096-9664-248E077645C5}"
EndProject
Global
	GlobalSection(SolutionConfigurationPlatforms) = preSolution
		Debug|x64 = Debug|x64
		Debug|x86 = Debug|x86
		Release|x64 = Release|x64
		Release|x86 = Release|x86
	EndGlobalSection
	GlobalSection(ProjectConfigurationPlatforms) = postSolution
		{A802E578-BFB7-4096-9664-248E077645C5}.Debug|x64.ActiveCfg = Debug|x64
		{A802E578-BFB7-4096-9664-248E077645C5}.Debug|x64.Build.0 = Debug|x64
		{A802E578-BFB7-4096-9664-248E077645C5}.Debug|x86.ActiveCfg = Debug|Win32
		{A802E578-BFB7-4096-9664-248E077645C5}.Debug|x86.Build.0 = Debug|Win32
		{A802E578-BFB7-4096-9664-248E077645C5}.Release|x64.ActiveCfg = Release|x64
		{A802E578-BFB7-4096-9664-248E077645C5}.Release|x64.Build.0 = Release|x64
		{A802E578-BFB7-4096-9664-248E077645C5}.Release|x86.ActiveCfg = Release|Win32
		{A802E578-BFB7-4096-9664-248E077645C5}.Release|x86.Build.0 = Release|Win32
	EndGlobalSection
	GlobalSection(SolutionProperties) = preSolution
		HideSolutionNode = FALSE
	EndGlobalSection
	GlobalSection(ExtensibilityGlobals) = postSolution
		SolutionGuid = {48213CFB-FEF1-4EF8-8AA8-A5706968B866}
	EndGlobalSection
EndGlobal
